
Microsoft Visual Studio Solution File, Format Version 12.00
# Visual Studio Version 17
VisualStudioVersion = 17.5.33516.290
MinimumVisualStudioVersion = 10.0.40219.1
Project("{FAE04EC0-301F-11D3-BF4B-00C04F79EFBC}") = "feedchainapi", "feedchainapi\feedchainapi.csproj", "{92B0E803-36C2-42E5-9747-A27048FF52A5}"
EndProject
Global
	GlobalSection(SolutionConfigurationPlatforms) = preSolution
		Debug|Any CPU = Debug|Any CPU
		Release|Any CPU = Release|Any CPU
	EndGlobalSection
	GlobalSection(ProjectConfigurationPlatforms) = postSolution
		{92B0E803-36C2-42E5-9747-A27048FF52A5}.Debug|Any CPU.ActiveCfg = Debug|Any CPU
		{92B0E803-36C2-42E5-9747-A27048FF52A5}.Debug|Any CPU.Build.0 = Debug|Any CPU
		{92B0E803-36C2-42E5-9747-A27048FF52A5}.Release|Any CPU.ActiveCfg = Release|Any CPU
		{92B0E803-36C2-42E5-9747-A27048FF52A5}.Release|Any CPU.Build.0 = Release|Any CPU
	EndGlobalSection
	GlobalSection(SolutionProperties) = preSolution
		HideSolutionNode = FALSE
	EndGlobalSection
	GlobalSection(ExtensibilityGlobals) = postSolution
		SolutionGuid = {AA563CD2-FCC9-45AC-8375-68C35D403183}
	EndGlobalSection
EndGlobal
